
Microsoft Visual Studio Solution File, Format Version 12.00
# Visual Studio Version 17
VisualStudioVersion = 17.10.34928.147
MinimumVisualStudioVersion = 10.0.40219.1
Project("{FAE04EC0-301F-11D3-BF4B-00C04F79EFBC}") = "ResumeProject", "ResumeProject.csproj", "{D255A8FB-ECF6-4599-BB05-D31C6B371D0E}"
EndProject
Global
	GlobalSection(SolutionConfigurationPlatforms) = preSolution
		Debug|Any CPU = Debug|Any CPU
		Release|Any CPU = Release|Any CPU
	EndGlobalSection
	GlobalSection(ProjectConfigurationPlatforms) = postSolution
		{D255A8FB-ECF6-4599-BB05-D31C6B371D0E}.Debug|Any CPU.ActiveCfg = Debug|Any CPU
		{D255A8FB-ECF6-4599-BB05-D31C6B371D0E}.Debug|Any CPU.Build.0 = Debug|Any CPU
		{D255A8FB-ECF6-4599-BB05-D31C6B371D0E}.Release|Any CPU.ActiveCfg = Release|Any CPU
		{D255A8FB-ECF6-4599-BB05-D31C6B371D0E}.Release|Any CPU.Build.0 = Release|Any CPU
	EndGlobalSection
	GlobalSection(SolutionProperties) = preSolution
		HideSolutionNode = FALSE
	EndGlobalSection
	GlobalSection(ExtensibilityGlobals) = postSolution
		SolutionGuid = {AC02AA85-8582-4332-BD96-BE6814372206}
	EndGlobalSection
EndGlobal
